
Microsoft Visual Studio Solution File, Format Version 12.00
# Visual Studio Version 17
VisualStudioVersion = 17.5.33516.290
MinimumVisualStudioVersion = 10.0.40219.1
Project("{E24C65DC-7377-472B-9ABA-BC803B73C61A}") = "CalculatorWCFService", "CalculatorWCFService\", "{3809ACEE-48D3-4155-AD1A-93AC7B541286}"
	ProjectSection(WebsiteProperties) = preProject
		TargetFrameworkMoniker = ".NETFramework,Version%3Dv4.7.2"
		Debug.AspNetCompiler.VirtualPath = "/localhost_59430"
		Debug.AspNetCompiler.PhysicalPath = "CalculatorWCFService\"
		Debug.AspNetCompiler.TargetPath = "PrecompiledWeb\localhost_59430\"
		Debug.AspNetCompiler.Updateable = "true"
		Debug.AspNetCompiler.ForceOverwrite = "true"
		Debug.AspNetCompiler.FixedNames = "false"
		Debug.AspNetCompiler.Debug = "True"
		Release.AspNetCompiler.VirtualPath = "/localhost_59430"
		Release.AspNetCompiler.PhysicalPath = "CalculatorWCFService\"
		Release.AspNetCompiler.TargetPath = "PrecompiledWeb\localhost_59430\"
		Release.AspNetCompiler.Updateable = "true"
		Release.AspNetCompiler.ForceOverwrite = "true"
		Release.AspNetCompiler.FixedNames = "false"
		Release.AspNetCompiler.Debug = "False"
		VWDPort = "59430"
		SlnRelativePath = "CalculatorWCFService\"
		DefaultWebSiteLanguage = "Visual C#"
	EndProjectSection
EndProject
Global
	GlobalSection(SolutionConfigurationPlatforms) = preSolution
		Debug|Any CPU = Debug|Any CPU
	EndGlobalSection
	GlobalSection(ProjectConfigurationPlatforms) = postSolution
		{3809ACEE-48D3-4155-AD1A-93AC7B541286}.Debug|Any CPU.ActiveCfg = Debug|Any CPU
		{3809ACEE-48D3-4155-AD1A-93AC7B541286}.Debug|Any CPU.Build.0 = Debug|Any CPU
	EndGlobalSection
	GlobalSection(SolutionProperties) = preSolution
		HideSolutionNode = FALSE
	EndGlobalSection
	GlobalSection(ExtensibilityGlobals) = postSolution
		SolutionGuid = {133B450B-99A3-49B2-9FEB-BDA8F68D4D99}
	EndGlobalSection
EndGlobal
